
Microsoft Visual Studio Solution File, Format Version 12.00
# Visual Studio Version 17
VisualStudioVersion = 17.1.32210.238
MinimumVisualStudioVersion = 10.0.40219.1
Project("{9A19103F-16F7-4668-BE54-9A1E7A4F7556}") = "Elastic.Kibana.Serilog", "Elastic.Kibana.Serilog.csproj", "{A9DB597F-2241-469B-A4D7-4276401587AA}"
EndProject
Global
	GlobalSection(SolutionConfigurationPlatforms) = preSolution
		Debug|Any CPU = Debug|Any CPU
		Release|Any CPU = Release|Any CPU
	EndGlobalSection
	GlobalSection(ProjectConfigurationPlatforms) = postSolution
		{A9DB597F-2241-469B-A4D7-4276401587AA}.Debug|Any CPU.ActiveCfg = Debug|Any CPU
		{A9DB597F-2241-469B-A4D7-4276401587AA}.Debug|Any CPU.Build.0 = Debug|Any CPU
		{A9DB597F-2241-469B-A4D7-4276401587AA}.Release|Any CPU.ActiveCfg = Release|Any CPU
		{A9DB597F-2241-469B-A4D7-4276401587AA}.Release|Any CPU.Build.0 = Release|Any CPU
	EndGlobalSection
	GlobalSection(SolutionProperties) = preSolution
		HideSolutionNode = FALSE
	EndGlobalSection
	GlobalSection(ExtensibilityGlobals) = postSolution
		SolutionGuid = {28C5C7AE-14C1-4D51-BDDE-2C89AFF8E87F}
	EndGlobalSection
EndGlobal
